// !$*UTF8*$!
{
	archiveVersion = 1;
	classes = {
	};
	objectVersion = 50;
	objects = {

/* Begin PBXBuildFile section */
		9BAD9FBF21B5FCE100501380 /* AppDelegate.swift in Sources */ = {isa = PBXBuildFile; fileRef = 9BAD9FBE21B5FCE100501380 /* AppDelegate.swift */; };
		9BAD9FC121B5FCE100501380 /* ViewController.swift in Sources */ = {isa = PBXBuildFile; fileRef = 9BAD9FC021B5FCE100501380 /* ViewController.swift */; };
		9BAD9FC421B5FCE100501380 /* Main.storyboard in Resources */ = {isa = PBXBuildFile; fileRef = 9BAD9FC221B5FCE100501380 /* Main.storyboard */; };
		9BAD9FC621B5FCE200501380 /* Assets.xcassets in Resources */ = {isa = PBXBuildFile; fileRef = 9BAD9FC521B5FCE200501380 /* Assets.xcassets */; };
		9BAD9FC921B5FCE200501380 /* LaunchScreen.storyboard in Resources */ = {isa = PBXBuildFile; fileRef = 9BAD9FC721B5FCE200501380 /* LaunchScreen.storyboard */; };
		9BAD9FD421B5FCE200501380 /* DemoTests.swift in Sources */ = {isa = PBXBuildFile; fileRef = 9BAD9FD321B5FCE200501380 /* DemoTests.swift */; };
		9BAD9FDF21B5FCE200501380 /* DemoUITests.swift in Sources */ = {isa = PBXBuildFile; fileRef = 9BAD9FDE21B5FCE200501380 /* DemoUITests.swift */; };
		9BAD9FF321B603F600501380 /* NSObject+.swift in Sources */ = {isa = PBXBuildFile; fileRef = 9BAD9FF221B603F600501380 /* NSObject+.swift */; };
		9BAD9FF521B6054D00501380 /* UIViewController+.swift in Sources */ = {isa = PBXBuildFile; fileRef = 9BAD9FF421B6054D00501380 /* UIViewController+.swift */; };
		9BAD9FF821B609F800501380 /* SampleViewController.swift in Sources */ = {isa = PBXBuildFile; fileRef = 9BAD9FF721B609F800501380 /* SampleViewController.swift */; };
		9BAD9FFA21B60A0100501380 /* SampleViewController.storyboard in Resources */ = {isa = PBXBuildFile; fileRef = 9BAD9FF921B60A0100501380 /* SampleViewController.storyboard */; };
		9BAD9FFC21B60C7600501380 /* UIVIew+.swift in Sources */ = {isa = PBXBuildFile; fileRef = 9BAD9FFB21B60C7600501380 /* UIVIew+.swift */; };
		9BAD9FFE21B60D8500501380 /* SampleView.swift in Sources */ = {isa = PBXBuildFile; fileRef = 9BAD9FFD21B60D8500501380 /* SampleView.swift */; };
		9BADA00021B60D8F00501380 /* SampleView.xib in Resources */ = {isa = PBXBuildFile; fileRef = 9BAD9FFF21B60D8F00501380 /* SampleView.xib */; };
		9BADA00221B60EA500501380 /* UIColor+.swift in Sources */ = {isa = PBXBuildFile; fileRef = 9BADA00121B60EA500501380 /* UIColor+.swift */; };
		9BADA00421B6168D00501380 /* UITableViewCell+.swift in Sources */ = {isa = PBXBuildFile; fileRef = 9BADA00321B6168D00501380 /* UITableViewCell+.swift */; };
		9BADA00621B6175700501380 /* UIImage+.swift in Sources */ = {isa = PBXBuildFile; fileRef = 9BADA00521B6175700501380 /* UIImage+.swift */; };
/* End PBXBuildFile section */

/* Begin PBXContainerItemProxy section */
		9BAD9FD021B5FCE200501380 /* PBXContainerItemProxy */ = {
			isa = PBXContainerItemProxy;
			containerPortal = 9BAD9FB321B5FCE100501380 /* Project object */;
			proxyType = 1;
			remoteGlobalIDString = 9BAD9FBA21B5FCE100501380;
			remoteInfo = Demo;
		};
		9BAD9FDB21B5FCE200501380 /* PBXContainerItemProxy */ = {
			isa = PBXContainerItemProxy;
			containerPortal = 9BAD9FB321B5FCE100501380 /* Project object */;
			proxyType = 1;
			remoteGlobalIDString = 9BAD9FBA21B5FCE100501380;
			remoteInfo = Demo;
		};
/* End PBXContainerItemProxy section */

/* Begin PBXFileReference section */
		9BAD9FBB21B5FCE100501380 /* Demo.app */ = {isa = PBXFileReference; explicitFileType = wrapper.application; includeInIndex = 0; path = Demo.app; sourceTree = BUILT_PRODUCTS_DIR; };
		9BAD9FBE21B5FCE100501380 /* AppDelegate.swift */ = {isa = PBXFileReference; lastKnownFileType = sourcecode.swift; path = AppDelegate.swift; sourceTree = "<group>"; };
		9BAD9FC021B5FCE100501380 /* ViewController.swift */ = {isa = PBXFileReference; lastKnownFileType = sourcecode.swift; path = ViewController.swift; sourceTree = "<group>"; };
		9BAD9FC321B5FCE100501380 /* Base */ = {isa = PBXFileReference; lastKnownFileType = file.storyboard; name = Base; path = Base.lproj/Main.storyboard; sourceTree = "<group>"; };
		9BAD9FC521B5FCE200501380 /* Assets.xcassets */ = {isa = PBXFileReference; lastKnownFileType = folder.assetcatalog; path = Assets.xcassets; sourceTree = "<group>"; };
		9BAD9FC821B5FCE200501380 /* Base */ = {isa = PBXFileReference; lastKnownFileType = file.storyboard; name = Base; path = Base.lproj/LaunchScreen.storyboard; sourceTree = "<group>"; };
		9BAD9FCA21B5FCE200501380 /* Info.plist */ = {isa = PBXFileReference; lastKnownFileType = text.plist.xml; path = Info.plist; sourceTree = "<group>"; };
		9BAD9FCF21B5FCE200501380 /* DemoTests.xctest */ = {isa = PBXFileReference; explicitFileType = wrapper.cfbundle; includeInIndex = 0; path = DemoTests.xctest; sourceTree = BUILT_PRODUCTS_DIR; };
		9BAD9FD321B5FCE200501380 /* DemoTests.swift */ = {isa = PBXFileReference; lastKnownFileType = sourcecode.swift; path = DemoTests.swift; sourceTree = "<group>"; };
		9BAD9FD521B5FCE200501380 /* Info.plist */ = {isa = PBXFileReference; lastKnownFileType = text.plist.xml; path = Info.plist; sourceTree = "<group>"; };
		9BAD9FDA21B5FCE200501380 /* DemoUITests.xctest */ = {isa = PBXFileReference; explicitFileType = wrapper.cfbundle; includeInIndex = 0; path = DemoUITests.xctest; sourceTree = BUILT_PRODUCTS_DIR; };
		9BAD9FDE21B5FCE200501380 /* DemoUITests.swift */ = {isa = PBXFileReference; lastKnownFileType = sourcecode.swift; path = DemoUITests.swift; sourceTree = "<group>"; };
		9BAD9FE021B5FCE200501380 /* Info.plist */ = {isa = PBXFileReference; lastKnownFileType = text.plist.xml; path = Info.plist; sourceTree = "<group>"; };
		9BAD9FF221B603F600501380 /* NSObject+.swift */ = {isa = PBXFileReference; fileEncoding = 4; lastKnownFileType = sourcecode.swift; path = "NSObject+.swift"; sourceTree = "<group>"; };
		9BAD9FF421B6054D00501380 /* UIViewController+.swift */ = {isa = PBXFileReference; lastKnownFileType = sourcecode.swift; path = "UIViewController+.swift"; sourceTree = "<group>"; };
		9BAD9FF721B609F800501380 /* SampleViewController.swift */ = {isa = PBXFileReference; lastKnownFileType = sourcecode.swift; path = SampleViewController.swift; sourceTree = "<group>"; };
		9BAD9FF921B60A0100501380 /* SampleViewController.storyboard */ = {isa = PBXFileReference; lastKnownFileType = file.storyboard; path = SampleViewController.storyboard; sourceTree = "<group>"; };
		9BAD9FFB21B60C7600501380 /* UIVIew+.swift */ = {isa = PBXFileReference; lastKnownFileType = sourcecode.swift; path = "UIVIew+.swift"; sourceTree = "<group>"; };
		9BAD9FFD21B60D8500501380 /* SampleView.swift */ = {isa = PBXFileReference; lastKnownFileType = sourcecode.swift; path = SampleView.swift; sourceTree = "<group>"; };
		9BAD9FFF21B60D8F00501380 /* SampleView.xib */ = {isa = PBXFileReference; lastKnownFileType = file.xib; path = SampleView.xib; sourceTree = "<group>"; };
		9BADA00121B60EA500501380 /* UIColor+.swift */ = {isa = PBXFileReference; lastKnownFileType = sourcecode.swift; path = "UIColor+.swift"; sourceTree = "<group>"; };
		9BADA00321B6168D00501380 /* UITableViewCell+.swift */ = {isa = PBXFileReference; fileEncoding = 4; lastKnownFileType = sourcecode.swift; path = "UITableViewCell+.swift"; sourceTree = "<group>"; };
		9BADA00521B6175700501380 /* UIImage+.swift */ = {isa = PBXFileReference; lastKnownFileType = sourcecode.swift; path = "UIImage+.swift"; sourceTree = "<group>"; };
/* End PBXFileReference section */

/* Begin PBXFrameworksBuildPhase section */
		9BAD9FB821B5FCE100501380 /* Frameworks */ = {
			isa = PBXFrameworksBuildPhase;
			buildActionMask = 2147483647;
			files = (
			);
			runOnlyForDeploymentPostprocessing = 0;
		};
		9BAD9FCC21B5FCE200501380 /* Frameworks */ = {
			isa = PBXFrameworksBuildPhase;
			buildActionMask = 2147483647;
			files = (
			);
			runOnlyForDeploymentPostprocessing = 0;
		};
		9BAD9FD721B5FCE200501380 /* Frameworks */ = {
			isa = PBXFrameworksBuildPhase;
			buildActionMask = 2147483647;
			files = (
			);
			runOnlyForDeploymentPostprocessing = 0;
		};
/* End PBXFrameworksBuildPhase section */

/* Begin PBXGroup section */
		9BAD9FB221B5FCE100501380 = {
			isa = PBXGroup;
			children = (
				9BAD9FBD21B5FCE100501380 /* Demo */,
				9BAD9FD221B5FCE200501380 /* DemoTests */,
				9BAD9FDD21B5FCE200501380 /* DemoUITests */,
				9BAD9FBC21B5FCE100501380 /* Products */,
			);
			sourceTree = "<group>";
		};
		9BAD9FBC21B5FCE100501380 /* Products */ = {
			isa = PBXGroup;
			children = (
				9BAD9FBB21B5FCE100501380 /* Demo.app */,
				9BAD9FCF21B5FCE200501380 /* DemoTests.xctest */,
				9BAD9FDA21B5FCE200501380 /* DemoUITests.xctest */,
			);
			name = Products;
			sourceTree = "<group>";
		};
		9BAD9FBD21B5FCE100501380 /* Demo */ = {
			isa = PBXGroup;
			children = (
				9BAD9FF121B603F600501380 /* extensions */,
				9BAD9FF621B609DA00501380 /* temp */,
				9BAD9FBE21B5FCE100501380 /* AppDelegate.swift */,
				9BAD9FC021B5FCE100501380 /* ViewController.swift */,
				9BAD9FC221B5FCE100501380 /* Main.storyboard */,
				9BAD9FC521B5FCE200501380 /* Assets.xcassets */,
				9BAD9FC721B5FCE200501380 /* LaunchScreen.storyboard */,
				9BAD9FCA21B5FCE200501380 /* Info.plist */,
			);
			path = Demo;
			sourceTree = "<group>";
		};
		9BAD9FD221B5FCE200501380 /* DemoTests */ = {
			isa = PBXGroup;
			children = (
				9BAD9FD321B5FCE200501380 /* DemoTests.swift */,
				9BAD9FD521B5FCE200501380 /* Info.plist */,
			);
			path = DemoTests;
			sourceTree = "<group>";
		};
		9BAD9FDD21B5FCE200501380 /* DemoUITests */ = {
			isa = PBXGroup;
			children = (
				9BAD9FDE21B5FCE200501380 /* DemoUITests.swift */,
				9BAD9FE021B5FCE200501380 /* Info.plist */,
			);
			path = DemoUITests;
			sourceTree = "<group>";
		};
		9BAD9FF121B603F600501380 /* extensions */ = {
			isa = PBXGroup;
			children = (
				9BAD9FF221B603F600501380 /* NSObject+.swift */,
				9BAD9FF421B6054D00501380 /* UIViewController+.swift */,
				9BAD9FFB21B60C7600501380 /* UIVIew+.swift */,
				9BADA00121B60EA500501380 /* UIColor+.swift */,
				9BADA00321B6168D00501380 /* UITableViewCell+.swift */,
				9BADA00521B6175700501380 /* UIImage+.swift */,
			);
			path = extensions;
			sourceTree = "<group>";
		};
		9BAD9FF621B609DA00501380 /* temp */ = {
			isa = PBXGroup;
			children = (
				9BAD9FF721B609F800501380 /* SampleViewController.swift */,
				9BAD9FF921B60A0100501380 /* SampleViewController.storyboard */,
				9BAD9FFD21B60D8500501380 /* SampleView.swift */,
				9BAD9FFF21B60D8F00501380 /* SampleView.xib */,
			);
			path = temp;
			sourceTree = "<group>";
		};
/* End PBXGroup section */

/* Begin PBXNativeTarget section */
		9BAD9FBA21B5FCE100501380 /* Demo */ = {
			isa = PBXNativeTarget;
			buildConfigurationList = 9BAD9FE321B5FCE200501380 /* Build configuration list for PBXNativeTarget "Demo" */;
			buildPhases = (
				9BAD9FB721B5FCE100501380 /* Sources */,
				9BAD9FB821B5FCE100501380 /* Frameworks */,
				9BAD9FB921B5FCE100501380 /* Resources */,
			);
			buildRules = (
			);
			dependencies = (
			);
			name = Demo;
			productName = Demo;
			productReference = 9BAD9FBB21B5FCE100501380 /* Demo.app */;
			productType = "com.apple.product-type.application";
		};
		9BAD9FCE21B5FCE200501380 /* DemoTests */ = {
			isa = PBXNativeTarget;
			buildConfigurationList = 9BAD9FE621B5FCE200501380 /* Build configuration list for PBXNativeTarget "DemoTests" */;
			buildPhases = (
				9BAD9FCB21B5FCE200501380 /* Sources */,
				9BAD9FCC21B5FCE200501380 /* Frameworks */,
				9BAD9FCD21B5FCE200501380 /* Resources */,
			);
			buildRules = (
			);
			dependencies = (
				9BAD9FD121B5FCE200501380 /* PBXTargetDependency */,
			);
			name = DemoTests;
			productName = DemoTests;
			productReference = 9BAD9FCF21B5FCE200501380 /* DemoTests.xctest */;
			productType = "com.apple.product-type.bundle.unit-test";
		};
		9BAD9FD921B5FCE200501380 /* DemoUITests */ = {
			isa = PBXNativeTarget;
			buildConfigurationList = 9BAD9FE921B5FCE200501380 /* Build configuration list for PBXNativeTarget "DemoUITests" */;
			buildPhases = (
				9BAD9FD621B5FCE200501380 /* Sources */,
				9BAD9FD721B5FCE200501380 /* Frameworks */,
				9BAD9FD821B5FCE200501380 /* Resources */,
			);
			buildRules = (
			);
			dependencies = (
				9BAD9FDC21B5FCE200501380 /* PBXTargetDependency */,
			);
			name = DemoUITests;
			productName = DemoUITests;
			productReference = 9BAD9FDA21B5FCE200501380 /* DemoUITests.xctest */;
			productType = "com.apple.product-type.bundle.ui-testing";
		};
/* End PBXNativeTarget section */

/* Begin PBXProject section */
		9BAD9FB321B5FCE100501380 /* Project object */ = {
			isa = PBXProject;
			attributes = {
				LastSwiftUpdateCheck = 1010;
				LastUpgradeCheck = 1010;
				ORGANIZATIONNAME = "Mitsuharu Emoto";
				TargetAttributes = {
					9BAD9FBA21B5FCE100501380 = {
						CreatedOnToolsVersion = 10.1;
					};
					9BAD9FCE21B5FCE200501380 = {
						CreatedOnToolsVersion = 10.1;
						TestTargetID = 9BAD9FBA21B5FCE100501380;
					};
					9BAD9FD921B5FCE200501380 = {
						CreatedOnToolsVersion = 10.1;
						TestTargetID = 9BAD9FBA21B5FCE100501380;
					};
				};
			};
			buildConfigurationList = 9BAD9FB621B5FCE100501380 /* Build configuration list for PBXProject "Demo" */;
			compatibilityVersion = "Xcode 9.3";
			developmentRegion = en;
			hasScannedForEncodings = 0;
			knownRegions = (
				en,
				Base,
			);
			mainGroup = 9BAD9FB221B5FCE100501380;
			productRefGroup = 9BAD9FBC21B5FCE100501380 /* Products */;
			projectDirPath = "";
			projectRoot = "";
			targets = (
				9BAD9FBA21B5FCE100501380 /* Demo */,
				9BAD9FCE21B5FCE200501380 /* DemoTests */,
				9BAD9FD921B5FCE200501380 /* DemoUITests */,
			);
		};
/* End PBXProject section */

/* Begin PBXResourcesBuildPhase section */
		9BAD9FB921B5FCE100501380 /* Resources */ = {
			isa = PBXResourcesBuildPhase;
			buildActionMask = 2147483647;
			files = (
				9BAD9FC921B5FCE200501380 /* LaunchScreen.storyboard in Resources */,
				9BADA00021B60D8F00501380 /* SampleView.xib in Resources */,
				9BAD9FC621B5FCE200501380 /* Assets.xcassets in Resources */,
				9BAD9FC421B5FCE100501380 /* Main.storyboard in Resources */,
				9BAD9FFA21B60A0100501380 /* SampleViewController.storyboard in Resources */,
			);
			runOnlyForDeploymentPostprocessing = 0;
		};
		9BAD9FCD21B5FCE200501380 /* Resources */ = {
			isa = PBXResourcesBuildPhase;
			buildActionMask = 2147483647;
			files = (
			);
			runOnlyForDeploymentPostprocessing = 0;
		};
		9BAD9FD821B5FCE200501380 /* Resources */ = {
			isa = PBXResourcesBuildPhase;
			buildActionMask = 2147483647;
			files = (
			);
			runOnlyForDeploymentPostprocessing = 0;
		};
/* End PBXResourcesBuildPhase section */

/* Begin PBXSourcesBuildPhase section */
		9BAD9FB721B5FCE100501380 /* Sources */ = {
			isa = PBXSourcesBuildPhase;
			buildActionMask = 2147483647;
			files = (
				9BAD9FF821B609F800501380 /* SampleViewController.swift in Sources */,
				9BADA00621B6175700501380 /* UIImage+.swift in Sources */,
				9BADA00221B60EA500501380 /* UIColor+.swift in Sources */,
				9BAD9FC121B5FCE100501380 /* ViewController.swift in Sources */,
				9BAD9FFE21B60D8500501380 /* SampleView.swift in Sources */,
				9BAD9FFC21B60C7600501380 /* UIVIew+.swift in Sources */,
				9BADA00421B6168D00501380 /* UITableViewCell+.swift in Sources */,
				9BAD9FF321B603F600501380 /* NSObject+.swift in Sources */,
				9BAD9FF521B6054D00501380 /* UIViewController+.swift in Sources */,
				9BAD9FBF21B5FCE100501380 /* AppDelegate.swift in Sources */,
			);
			runOnlyForDeploymentPostprocessing = 0;
		};
		9BAD9FCB21B5FCE200501380 /* Sources */ = {
			isa = PBXSourcesBuildPhase;
			buildActionMask = 2147483647;
			files = (
				9BAD9FD421B5FCE200501380 /* DemoTests.swift in Sources */,
			);
			runOnlyForDeploymentPostprocessing = 0;
		};
		9BAD9FD621B5FCE200501380 /* Sources */ = {
			isa = PBXSourcesBuildPhase;
			buildActionMask = 2147483647;
			files = (
				9BAD9FDF21B5FCE200501380 /* DemoUITests.swift in Sources */,
			);
			runOnlyForDeploymentPostprocessing = 0;
		};
/* End PBXSourcesBuildPhase section */

/* Begin PBXTargetDependency section */
		9BAD9FD121B5FCE200501380 /* PBXTargetDependency */ = {
			isa = PBXTargetDependency;
			target = 9BAD9FBA21B5FCE100501380 /* Demo */;
			targetProxy = 9BAD9FD021B5FCE200501380 /* PBXContainerItemProxy */;
		};
		9BAD9FDC21B5FCE200501380 /* PBXTargetDependency */ = {
			isa = PBXTargetDependency;
			target = 9BAD9FBA21B5FCE100501380 /* Demo */;
			targetProxy = 9BAD9FDB21B5FCE200501380 /* PBXContainerItemProxy */;
		};
/* End PBXTargetDependency section */

/* Begin PBXVariantGroup section */
		9BAD9FC221B5FCE100501380 /* Main.storyboard */ = {
			isa = PBXVariantGroup;
			children = (
				9BAD9FC321B5FCE100501380 /* Base */,
			);
			name = Main.storyboard;
			sourceTree = "<group>";
		};
		9BAD9FC721B5FCE200501380 /* LaunchScreen.storyboard */ = {
			isa = PBXVariantGroup;
			children = (
				9BAD9FC821B5FCE200501380 /* Base */,
			);
			name = LaunchScreen.storyboard;
			sourceTree = "<group>";
		};
/* End PBXVariantGroup section */

/* Begin XCBuildConfiguration section */
		9BAD9FE121B5FCE200501380 /* Debug */ = {
			isa = XCBuildConfiguration;
			buildSettings = {
				ALWAYS_SEARCH_USER_PATHS = NO;
				CLANG_ANALYZER_NONNULL = YES;
				CLANG_ANALYZER_NUMBER_OBJECT_CONVERSION = YES_AGGRESSIVE;
				CLANG_CXX_LANGUAGE_STANDARD = "gnu++14";
				CLANG_CXX_LIBRARY = "libc++";
				CLANG_ENABLE_MODULES = YES;
				CLANG_ENABLE_OBJC_ARC = YES;
				CLANG_ENABLE_OBJC_WEAK = YES;
				CLANG_WARN_BLOCK_CAPTURE_AUTORELEASING = YES;
				CLANG_WARN_BOOL_CONVERSION = YES;
				CLANG_WARN_COMMA = YES;
				CLANG_WARN_CONSTANT_CONVERSION = YES;
				CLANG_WARN_DEPRECATED_OBJC_IMPLEMENTATIONS = YES;
				CLANG_WARN_DIRECT_OBJC_ISA_USAGE = YES_ERROR;
				CLANG_WARN_DOCUMENTATION_COMMENTS = YES;
				CLANG_WARN_EMPTY_BODY = YES;
				CLANG_WARN_ENUM_CONVERSION = YES;
				CLANG_WARN_INFINITE_RECURSION = YES;
				CLANG_WARN_INT_CONVERSION = YES;
				CLANG_WARN_NON_LITERAL_NULL_CONVERSION = YES;
				CLANG_WARN_OBJC_IMPLICIT_RETAIN_SELF = YES;
				CLANG_WARN_OBJC_LITERAL_CONVERSION = YES;
				CLANG_WARN_OBJC_ROOT_CLASS = YES_ERROR;
				CLANG_WARN_RANGE_LOOP_ANALYSIS = YES;
				CLANG_WARN_STRICT_PROTOTYPES = YES;
				CLANG_WARN_SUSPICIOUS_MOVE = YES;
				CLANG_WARN_UNGUARDED_AVAILABILITY = YES_AGGRESSIVE;
				CLANG_WARN_UNREACHABLE_CODE = YES;
				CLANG_WARN__DUPLICATE_METHOD_MATCH = YES;
				CODE_SIGN_IDENTITY = "iPhone Developer";
				COPY_PHASE_STRIP = NO;
				DEBUG_INFORMATION_FORMAT = dwarf;
				ENABLE_STRICT_OBJC_MSGSEND = YES;
				ENABLE_TESTABILITY = YES;
				GCC_C_LANGUAGE_STANDARD = gnu11;
				GCC_DYNAMIC_NO_PIC = NO;
				GCC_NO_COMMON_BLOCKS = YES;
				GCC_OPTIMIZATION_LEVEL = 0;
				GCC_PREPROCESSOR_DEFINITIONS = (
					"DEBUG=1",
					"$(inherited)",
				);
				GCC_WARN_64_TO_32_BIT_CONVERSION = YES;
				GCC_WARN_ABOUT_RETURN_TYPE = YES_ERROR;
				GCC_WARN_UNDECLARED_SELECTOR = YES;
				GCC_WARN_UNINITIALIZED_AUTOS = YES_AGGRESSIVE;
				GCC_WARN_UNUSED_FUNCTION = YES;
				GCC_WARN_UNUSED_VARIABLE = YES;
				IPHONEOS_DEPLOYMENT_TARGET = 12.1;
				MTL_ENABLE_DEBUG_INFO = INCLUDE_SOURCE;
				MTL_FAST_MATH = YES;
				ONLY_ACTIVE_ARCH = YES;
				SDKROOT = iphoneos;
				SWIFT_ACTIVE_COMPILATION_CONDITIONS = DEBUG;
				SWIFT_OPTIMIZATION_LEVEL = "-Onone";
			};
			name = Debug;
		};
		9BAD9FE221B5FCE200501380 /* Release */ = {
			isa = XCBuildConfiguration;
			buildSettings = {
				ALWAYS_SEARCH_USER_PATHS = NO;
				CLANG_ANALYZER_NONNULL = YES;
				CLANG_ANALYZER_NUMBER_OBJECT_CONVERSION = YES_AGGRESSIVE;
				CLANG_CXX_LANGUAGE_STANDARD = "gnu++14";
				CLANG_CXX_LIBRARY = "libc++";
				CLANG_ENABLE_MODULES = YES;
				CLANG_ENABLE_OBJC_ARC = YES;
				CLANG_ENABLE_OBJC_WEAK = YES;
				CLANG_WARN_BLOCK_CAPTURE_AUTORELEASING = YES;
				CLANG_WARN_BOOL_CONVERSION = YES;
				CLANG_WARN_COMMA = YES;
				CLANG_WARN_CONSTANT_CONVERSION = YES;
				CLANG_WARN_DEPRECATED_OBJC_IMPLEMENTATIONS = YES;
				CLANG_WARN_DIRECT_OBJC_ISA_USAGE = YES_ERROR;
				CLANG_WARN_DOCUMENTATION_COMMENTS = YES;
				CLANG_WARN_EMPTY_BODY = YES;
				CLANG_WARN_ENUM_CONVERSION = YES;
				CLANG_WARN_INFINITE_RECURSION = YES;
				CLANG_WARN_INT_CONVERSION = YES;
				CLANG_WARN_NON_LITERAL_NULL_CONVERSION = YES;
				CLANG_WARN_OBJC_IMPLICIT_RETAIN_SELF = YES;
				CLANG_WARN_OBJC_LITERAL_CONVERSION = YES;
				CLANG_WARN_OBJC_ROOT_CLASS = YES_ERROR;
				CLANG_WARN_RANGE_LOOP_ANALYSIS = YES;
				CLANG_WARN_STRICT_PROTOTYPES = YES;
				CLANG_WARN_SUSPICIOUS_MOVE = YES;
				CLANG_WARN_UNGUARDED_AVAILABILITY = YES_AGGRESSIVE;
				CLANG_WARN_UNREACHABLE_CODE = YES;
				CLANG_WARN__DUPLICATE_METHOD_MATCH = YES;
				CODE_SIGN_IDENTITY = "iPhone Developer";
				COPY_PHASE_STRIP = NO;
				DEBUG_INFORMATION_FORMAT = "dwarf-with-dsym";
				ENABLE_NS_ASSERTIONS = NO;
				ENABLE_STRICT_OBJC_MSGSEND = YES;
				GCC_C_LANGUAGE_STANDARD = gnu11;
				GCC_NO_COMMON_BLOCKS = YES;
				GCC_WARN_64_TO_32_BIT_CONVERSION = YES;
				GCC_WARN_ABOUT_RETURN_TYPE = YES_ERROR;
				GCC_WARN_UNDECLARED_SELECTOR = YES;
				GCC_WARN_UNINITIALIZED_AUTOS = YES_AGGRESSIVE;
				GCC_WARN_UNUSED_FUNCTION = YES;
				GCC_WARN_UNUSED_VARIABLE = YES;
				IPHONEOS_DEPLOYMENT_TARGET = 12.1;
				MTL_ENABLE_DEBUG_INFO = NO;
				MTL_FAST_MATH = YES;
				SDKROOT = iphoneos;
				SWIFT_COMPILATION_MODE = wholemodule;
				SWIFT_OPTIMIZATION_LEVEL = "-O";
				VALIDATE_PRODUCT = YES;
			};
			name = Release;
		};
		9BAD9FE421B5FCE200501380 /* Debug */ = {
			isa = XCBuildConfiguration;
			buildSettings = {
				ASSETCATALOG_COMPILER_APPICON_NAME = AppIcon;
				CODE_SIGN_STYLE = Automatic;
				INFOPLIST_FILE = Demo/Info.plist;
				LD_RUNPATH_SEARCH_PATHS = (
					"$(inherited)",
					"@executable_path/Frameworks",
				);
				PRODUCT_BUNDLE_IDENTIFIER = net.mituwa.lib.Demo;
				PRODUCT_NAME = "$(TARGET_NAME)";
				SWIFT_VERSION = 4.2;
				TARGETED_DEVICE_FAMILY = "1,2";
			};
			name = Debug;
		};
		9BAD9FE521B5FCE200501380 /* Release */ = {
			isa = XCBuildConfiguration;
			buildSettings = {
				ASSETCATALOG_COMPILER_APPICON_NAME = AppIcon;
				CODE_SIGN_STYLE = Automatic;
				INFOPLIST_FILE = Demo/Info.plist;
				LD_RUNPATH_SEARCH_PATHS = (
					"$(inherited)",
					"@executable_path/Frameworks",
				);
				PRODUCT_BUNDLE_IDENTIFIER = net.mituwa.lib.Demo;
				PRODUCT_NAME = "$(TARGET_NAME)";
				SWIFT_VERSION = 4.2;
				TARGETED_DEVICE_FAMILY = "1,2";
			};
			name = Release;
		};
		9BAD9FE721B5FCE200501380 /* Debug */ = {
			isa = XCBuildConfiguration;
			buildSettings = {
				ALWAYS_EMBED_SWIFT_STANDARD_LIBRARIES = YES;
				BUNDLE_LOADER = "$(TEST_HOST)";
				CODE_SIGN_STYLE = Automatic;
				INFOPLIST_FILE = DemoTests/Info.plist;
				LD_RUNPATH_SEARCH_PATHS = (
					"$(inherited)",
					"@executable_path/Frameworks",
					"@loader_path/Frameworks",
				);
				PRODUCT_BUNDLE_IDENTIFIER = net.mituwa.lib.DemoTests;
				PRODUCT_NAME = "$(TARGET_NAME)";
				SWIFT_VERSION = 4.2;
				TARGETED_DEVICE_FAMILY = "1,2";
				TEST_HOST = "$(BUILT_PRODUCTS_DIR)/Demo.app/Demo";
			};
			name = Debug;
		};
		9BAD9FE821B5FCE200501380 /* Release */ = {
			isa = XCBuildConfiguration;
			buildSettings = {
				ALWAYS_EMBED_SWIFT_STANDARD_LIBRARIES = YES;
				BUNDLE_LOADER = "$(TEST_HOST)";
				CODE_SIGN_STYLE = Automatic;
				INFOPLIST_FILE = DemoTests/Info.plist;
				LD_RUNPATH_SEARCH_PATHS = (
					"$(inherited)",
					"@executable_path/Frameworks",
					"@loader_path/Frameworks",
				);
				PRODUCT_BUNDLE_IDENTIFIER = net.mituwa.lib.DemoTests;
				PRODUCT_NAME = "$(TARGET_NAME)";
				SWIFT_VERSION = 4.2;
				TARGETED_DEVICE_FAMILY = "1,2";
				TEST_HOST = "$(BUILT_PRODUCTS_DIR)/Demo.app/Demo";
			};
			name = Release;
		};
		9BAD9FEA21B5FCE200501380 /* Debug */ = {
			isa = XCBuildConfiguration;
			buildSettings = {
				ALWAYS_EMBED_SWIFT_STANDARD_LIBRARIES = YES;
				CODE_SIGN_STYLE = Automatic;
				INFOPLIST_FILE = DemoUITests/Info.plist;
				LD_RUNPATH_SEARCH_PATHS = (
					"$(inherited)",
					"@executable_path/Frameworks",
					"@loader_path/Frameworks",
				);
				PRODUCT_BUNDLE_IDENTIFIER = net.mituwa.lib.DemoUITests;
				PRODUCT_NAME = "$(TARGET_NAME)";
				SWIFT_VERSION = 4.2;
				TARGETED_DEVICE_FAMILY = "1,2";
				TEST_TARGET_NAME = Demo;
			};
			name = Debug;
		};
		9BAD9FEB21B5FCE200501380 /* Release */ = {
			isa = XCBuildConfiguration;
			buildSettings = {
				ALWAYS_EMBED_SWIFT_STANDARD_LIBRARIES = YES;
				CODE_SIGN_STYLE = Automatic;
				INFOPLIST_FILE = DemoUITests/Info.plist;
				LD_RUNPATH_SEARCH_PATHS = (
					"$(inherited)",
					"@executable_path/Frameworks",
					"@loader_path/Frameworks",
				);
				PRODUCT_BUNDLE_IDENTIFIER = net.mituwa.lib.DemoUITests;
				PRODUCT_NAME = "$(TARGET_NAME)";
				SWIFT_VERSION = 4.2;
				TARGETED_DEVICE_FAMILY = "1,2";
				TEST_TARGET_NAME = Demo;
			};
			name = Release;
		};
/* End XCBuildConfiguration section */

/* Begin XCConfigurationList section */
		9BAD9FB621B5FCE100501380 /* Build configuration list for PBXProject "Demo" */ = {
			isa = XCConfigurationList;
			buildConfigurations = (
				9BAD9FE121B5FCE200501380 /* Debug */,
				9BAD9FE221B5FCE200501380 /* Release */,
			);
			defaultConfigurationIsVisible = 0;
			defaultConfigurationName = Release;
		};
		9BAD9FE321B5FCE200501380 /* Build configuration list for PBXNativeTarget "Demo" */ = {
			isa = XCConfigurationList;
			buildConfigurations = (
				9BAD9FE421B5FCE200501380 /* Debug */,
				9BAD9FE521B5FCE200501380 /* Release */,
			);
			defaultConfigurationIsVisible = 0;
			defaultConfigurationName = Release;
		};
		9BAD9FE621B5FCE200501380 /* Build configuration list for PBXNativeTarget "DemoTests" */ = {
			isa = XCConfigurationList;
			buildConfigurations = (
				9BAD9FE721B5FCE200501380 /* Debug */,
				9BAD9FE821B5FCE200501380 /* Release */,
			);
			defaultConfigurationIsVisible = 0;
			defaultConfigurationName = Release;
		};
		9BAD9FE921B5FCE200501380 /* Build configuration list for PBXNativeTarget "DemoUITests" */ = {
			isa = XCConfigurationList;
			buildConfigurations = (
				9BAD9FEA21B5FCE200501380 /* Debug */,
				9BAD9FEB21B5FCE200501380 /* Release */,
			);
			defaultConfigurationIsVisible = 0;
			defaultConfigurationName = Release;
		};
/* End XCConfigurationList section */
	};
	rootObject = 9BAD9FB321B5FCE100501380 /* Project object */;
}
